
Microsoft Visual Studio Solution File, Format Version 12.00
# Visual Studio Version 17
VisualStudioVersion = 17.4.33103.184
MinimumVisualStudioVersion = 10.0.40219.1
Project("{FAE04EC0-301F-11D3-BF4B-00C04F79EFBC}") = "1014_ConsumoCombustivel", "1014_ConsumoCombustivel.csproj", "{88D3F430-3C6F-4E2C-AE78-972346C5696F}"
EndProject
Global
	GlobalSection(SolutionConfigurationPlatforms) = preSolution
		Debug|Any CPU = Debug|Any CPU
		Release|Any CPU = Release|Any CPU
	EndGlobalSection
	GlobalSection(ProjectConfigurationPlatforms) = postSolution
		{88D3F430-3C6F-4E2C-AE78-972346C5696F}.Debug|Any CPU.ActiveCfg = Debug|Any CPU
		{88D3F430-3C6F-4E2C-AE78-972346C5696F}.Debug|Any CPU.Build.0 = Debug|Any CPU
		{88D3F430-3C6F-4E2C-AE78-972346C5696F}.Release|Any CPU.ActiveCfg = Release|Any CPU
		{88D3F430-3C6F-4E2C-AE78-972346C5696F}.Release|Any CPU.Build.0 = Release|Any CPU
	EndGlobalSection
	GlobalSection(SolutionProperties) = preSolution
		HideSolutionNode = FALSE
	EndGlobalSection
	GlobalSection(ExtensibilityGlobals) = postSolution
		SolutionGuid = {10A67BB1-B879-444C-B056-C9FB1D0F6DC2}
	EndGlobalSection
EndGlobal
