
Microsoft Visual Studio Solution File, Format Version 12.00
# Visual Studio Version 17
VisualStudioVersion = 17.4.33122.133
MinimumVisualStudioVersion = 10.0.40219.1
Project("{FAE04EC0-301F-11D3-BF4B-00C04F79EFBC}") = "1134_TiposDeCombustivel", "1134_TiposDeCombustivel.csproj", "{12017870-859E-4DF4-8340-8BE8A108268C}"
EndProject
Global
	GlobalSection(SolutionConfigurationPlatforms) = preSolution
		Debug|Any CPU = Debug|Any CPU
		Release|Any CPU = Release|Any CPU
	EndGlobalSection
	GlobalSection(ProjectConfigurationPlatforms) = postSolution
		{12017870-859E-4DF4-8340-8BE8A108268C}.Debug|Any CPU.ActiveCfg = Debug|Any CPU
		{12017870-859E-4DF4-8340-8BE8A108268C}.Debug|Any CPU.Build.0 = Debug|Any CPU
		{12017870-859E-4DF4-8340-8BE8A108268C}.Release|Any CPU.ActiveCfg = Release|Any CPU
		{12017870-859E-4DF4-8340-8BE8A108268C}.Release|Any CPU.Build.0 = Release|Any CPU
	EndGlobalSection
	GlobalSection(SolutionProperties) = preSolution
		HideSolutionNode = FALSE
	EndGlobalSection
	GlobalSection(ExtensibilityGlobals) = postSolution
		SolutionGuid = {8C881EF4-D6C3-48E6-A150-BBC90BA0C804}
	EndGlobalSection
EndGlobal
