
Microsoft Visual Studio Solution File, Format Version 12.00
# Visual Studio Version 17
VisualStudioVersion = 17.4.33103.184
MinimumVisualStudioVersion = 10.0.40219.1
Project("{FAE04EC0-301F-11D3-BF4B-00C04F79EFBC}") = "1012_AreaGeometrica", "1012_AreaGeometrica.csproj", "{0ACACF50-38BB-4142-A0F3-57D3DFB59512}"
EndProject
Global
	GlobalSection(SolutionConfigurationPlatforms) = preSolution
		Debug|Any CPU = Debug|Any CPU
		Release|Any CPU = Release|Any CPU
	EndGlobalSection
	GlobalSection(ProjectConfigurationPlatforms) = postSolution
		{0ACACF50-38BB-4142-A0F3-57D3DFB59512}.Debug|Any CPU.ActiveCfg = Debug|Any CPU
		{0ACACF50-38BB-4142-A0F3-57D3DFB59512}.Debug|Any CPU.Build.0 = Debug|Any CPU
		{0ACACF50-38BB-4142-A0F3-57D3DFB59512}.Release|Any CPU.ActiveCfg = Release|Any CPU
		{0ACACF50-38BB-4142-A0F3-57D3DFB59512}.Release|Any CPU.Build.0 = Release|Any CPU
	EndGlobalSection
	GlobalSection(SolutionProperties) = preSolution
		HideSolutionNode = FALSE
	EndGlobalSection
	GlobalSection(ExtensibilityGlobals) = postSolution
		SolutionGuid = {EABD7A94-C843-4667-9439-CB1EF6BD1962}
	EndGlobalSection
EndGlobal
