
Microsoft Visual Studio Solution File, Format Version 12.00
# Visual Studio Version 17
VisualStudioVersion = 17.4.33110.190
MinimumVisualStudioVersion = 10.0.40219.1
Project("{FAE04EC0-301F-11D3-BF4B-00C04F79EFBC}") = "1010_CalculoSimples", "1010_CalculoSimples.csproj", "{EEF484BE-5C9B-4D6A-8264-EEB9F1AC6A08}"
EndProject
Global
	GlobalSection(SolutionConfigurationPlatforms) = preSolution
		Debug|Any CPU = Debug|Any CPU
		Release|Any CPU = Release|Any CPU
	EndGlobalSection
	GlobalSection(ProjectConfigurationPlatforms) = postSolution
		{EEF484BE-5C9B-4D6A-8264-EEB9F1AC6A08}.Debug|Any CPU.ActiveCfg = Debug|Any CPU
		{EEF484BE-5C9B-4D6A-8264-EEB9F1AC6A08}.Debug|Any CPU.Build.0 = Debug|Any CPU
		{EEF484BE-5C9B-4D6A-8264-EEB9F1AC6A08}.Release|Any CPU.ActiveCfg = Release|Any CPU
		{EEF484BE-5C9B-4D6A-8264-EEB9F1AC6A08}.Release|Any CPU.Build.0 = Release|Any CPU
	EndGlobalSection
	GlobalSection(SolutionProperties) = preSolution
		HideSolutionNode = FALSE
	EndGlobalSection
	GlobalSection(ExtensibilityGlobals) = postSolution
		SolutionGuid = {8CC04073-4B1B-447D-8D68-19826B51C036}
	EndGlobalSection
EndGlobal
