
Microsoft Visual Studio Solution File, Format Version 12.00
# Visual Studio Version 17
VisualStudioVersion = 17.4.33110.190
MinimumVisualStudioVersion = 10.0.40219.1
Project("{FAE04EC0-301F-11D3-BF4B-00C04F79EFBC}") = "1075_resto2", "1075_resto2.csproj", "{31E203DF-3E24-4B01-8BFE-88A548751EE1}"
EndProject
Global
	GlobalSection(SolutionConfigurationPlatforms) = preSolution
		Debug|Any CPU = Debug|Any CPU
		Release|Any CPU = Release|Any CPU
	EndGlobalSection
	GlobalSection(ProjectConfigurationPlatforms) = postSolution
		{31E203DF-3E24-4B01-8BFE-88A548751EE1}.Debug|Any CPU.ActiveCfg = Debug|Any CPU
		{31E203DF-3E24-4B01-8BFE-88A548751EE1}.Debug|Any CPU.Build.0 = Debug|Any CPU
		{31E203DF-3E24-4B01-8BFE-88A548751EE1}.Release|Any CPU.ActiveCfg = Release|Any CPU
		{31E203DF-3E24-4B01-8BFE-88A548751EE1}.Release|Any CPU.Build.0 = Release|Any CPU
	EndGlobalSection
	GlobalSection(SolutionProperties) = preSolution
		HideSolutionNode = FALSE
	EndGlobalSection
	GlobalSection(ExtensibilityGlobals) = postSolution
		SolutionGuid = {C0CFA951-E87E-4748-A8F1-B4D138324BD2}
	EndGlobalSection
EndGlobal
