
Microsoft Visual Studio Solution File, Format Version 12.00
# Visual Studio Version 17
VisualStudioVersion = 17.4.33110.190
MinimumVisualStudioVersion = 10.0.40219.1
Project("{FAE04EC0-301F-11D3-BF4B-00C04F79EFBC}") = "1060_NumerosPositivos", "1060_NumerosPositivos.csproj", "{98E55C98-DD58-4614-AACF-785F606551D2}"
EndProject
Global
	GlobalSection(SolutionConfigurationPlatforms) = preSolution
		Debug|Any CPU = Debug|Any CPU
		Release|Any CPU = Release|Any CPU
	EndGlobalSection
	GlobalSection(ProjectConfigurationPlatforms) = postSolution
		{98E55C98-DD58-4614-AACF-785F606551D2}.Debug|Any CPU.ActiveCfg = Debug|Any CPU
		{98E55C98-DD58-4614-AACF-785F606551D2}.Debug|Any CPU.Build.0 = Debug|Any CPU
		{98E55C98-DD58-4614-AACF-785F606551D2}.Release|Any CPU.ActiveCfg = Release|Any CPU
		{98E55C98-DD58-4614-AACF-785F606551D2}.Release|Any CPU.Build.0 = Release|Any CPU
	EndGlobalSection
	GlobalSection(SolutionProperties) = preSolution
		HideSolutionNode = FALSE
	EndGlobalSection
	GlobalSection(ExtensibilityGlobals) = postSolution
		SolutionGuid = {6F91E040-4EA2-444F-84CA-D8323F139A93}
	EndGlobalSection
EndGlobal
