
Microsoft Visual Studio Solution File, Format Version 12.00
# Visual Studio Version 17
VisualStudioVersion = 17.4.33103.184
MinimumVisualStudioVersion = 10.0.40219.1
Project("{FAE04EC0-301F-11D3-BF4B-00C04F79EFBC}") = "1019_ConversãoDeTempo", "1019_ConversãoDeTempo.csproj", "{3122377F-E3DC-4F29-8821-617D8965804C}"
EndProject
Global
	GlobalSection(SolutionConfigurationPlatforms) = preSolution
		Debug|Any CPU = Debug|Any CPU
		Release|Any CPU = Release|Any CPU
	EndGlobalSection
	GlobalSection(ProjectConfigurationPlatforms) = postSolution
		{3122377F-E3DC-4F29-8821-617D8965804C}.Debug|Any CPU.ActiveCfg = Debug|Any CPU
		{3122377F-E3DC-4F29-8821-617D8965804C}.Debug|Any CPU.Build.0 = Debug|Any CPU
		{3122377F-E3DC-4F29-8821-617D8965804C}.Release|Any CPU.ActiveCfg = Release|Any CPU
		{3122377F-E3DC-4F29-8821-617D8965804C}.Release|Any CPU.Build.0 = Release|Any CPU
	EndGlobalSection
	GlobalSection(SolutionProperties) = preSolution
		HideSolutionNode = FALSE
	EndGlobalSection
	GlobalSection(ExtensibilityGlobals) = postSolution
		SolutionGuid = {0E55D1AF-4549-40A2-9BA8-E61CA2761458}
	EndGlobalSection
EndGlobal
