
Microsoft Visual Studio Solution File, Format Version 12.00
# Visual Studio Version 17
VisualStudioVersion = 17.4.33103.184
MinimumVisualStudioVersion = 10.0.40219.1
Project("{FAE04EC0-301F-11D3-BF4B-00C04F79EFBC}") = "1073_QuadradoDosPares", "1073_QuadradoDosPares.csproj", "{529E2811-D94B-4EF9-9457-A12D4C70294D}"
EndProject
Global
	GlobalSection(SolutionConfigurationPlatforms) = preSolution
		Debug|Any CPU = Debug|Any CPU
		Release|Any CPU = Release|Any CPU
	EndGlobalSection
	GlobalSection(ProjectConfigurationPlatforms) = postSolution
		{529E2811-D94B-4EF9-9457-A12D4C70294D}.Debug|Any CPU.ActiveCfg = Debug|Any CPU
		{529E2811-D94B-4EF9-9457-A12D4C70294D}.Debug|Any CPU.Build.0 = Debug|Any CPU
		{529E2811-D94B-4EF9-9457-A12D4C70294D}.Release|Any CPU.ActiveCfg = Release|Any CPU
		{529E2811-D94B-4EF9-9457-A12D4C70294D}.Release|Any CPU.Build.0 = Release|Any CPU
	EndGlobalSection
	GlobalSection(SolutionProperties) = preSolution
		HideSolutionNode = FALSE
	EndGlobalSection
	GlobalSection(ExtensibilityGlobals) = postSolution
		SolutionGuid = {D310D5AD-2162-41BE-9798-BC3EF3CEA64D}
	EndGlobalSection
EndGlobal
