
Microsoft Visual Studio Solution File, Format Version 12.00
# Visual Studio Version 17
VisualStudioVersion = 17.4.33103.184
MinimumVisualStudioVersion = 10.0.40219.1
Project("{FAE04EC0-301F-11D3-BF4B-00C04F79EFBC}") = "1011_esfera", "1011_esfera.csproj", "{08C9FF1F-DA26-422B-9719-98AF3C73488B}"
EndProject
Global
	GlobalSection(SolutionConfigurationPlatforms) = preSolution
		Debug|Any CPU = Debug|Any CPU
		Release|Any CPU = Release|Any CPU
	EndGlobalSection
	GlobalSection(ProjectConfigurationPlatforms) = postSolution
		{08C9FF1F-DA26-422B-9719-98AF3C73488B}.Debug|Any CPU.ActiveCfg = Debug|Any CPU
		{08C9FF1F-DA26-422B-9719-98AF3C73488B}.Debug|Any CPU.Build.0 = Debug|Any CPU
		{08C9FF1F-DA26-422B-9719-98AF3C73488B}.Release|Any CPU.ActiveCfg = Release|Any CPU
		{08C9FF1F-DA26-422B-9719-98AF3C73488B}.Release|Any CPU.Build.0 = Release|Any CPU
	EndGlobalSection
	GlobalSection(SolutionProperties) = preSolution
		HideSolutionNode = FALSE
	EndGlobalSection
	GlobalSection(ExtensibilityGlobals) = postSolution
		SolutionGuid = {CEB22BE1-235C-4AA4-9EE4-2A77C5FFE2D6}
	EndGlobalSection
EndGlobal
