
Microsoft Visual Studio Solution File, Format Version 12.00
# Visual Studio Version 17
VisualStudioVersion = 17.4.33103.184
MinimumVisualStudioVersion = 10.0.40219.1
Project("{FAE04EC0-301F-11D3-BF4B-00C04F79EFBC}") = "1070_SeisNumerosImpares", "1070_SeisNumerosImpares.csproj", "{2B27E11F-4D03-4F31-9C8D-7713EED6ACAA}"
EndProject
Global
	GlobalSection(SolutionConfigurationPlatforms) = preSolution
		Debug|Any CPU = Debug|Any CPU
		Release|Any CPU = Release|Any CPU
	EndGlobalSection
	GlobalSection(ProjectConfigurationPlatforms) = postSolution
		{2B27E11F-4D03-4F31-9C8D-7713EED6ACAA}.Debug|Any CPU.ActiveCfg = Debug|Any CPU
		{2B27E11F-4D03-4F31-9C8D-7713EED6ACAA}.Debug|Any CPU.Build.0 = Debug|Any CPU
		{2B27E11F-4D03-4F31-9C8D-7713EED6ACAA}.Release|Any CPU.ActiveCfg = Release|Any CPU
		{2B27E11F-4D03-4F31-9C8D-7713EED6ACAA}.Release|Any CPU.Build.0 = Release|Any CPU
	EndGlobalSection
	GlobalSection(SolutionProperties) = preSolution
		HideSolutionNode = FALSE
	EndGlobalSection
	GlobalSection(ExtensibilityGlobals) = postSolution
		SolutionGuid = {53AFBADF-ACB7-4D08-824A-31CEB8E882CF}
	EndGlobalSection
EndGlobal
