
Microsoft Visual Studio Solution File, Format Version 12.00
# Visual Studio Version 17
VisualStudioVersion = 17.4.33110.190
MinimumVisualStudioVersion = 10.0.40219.1
Project("{FAE04EC0-301F-11D3-BF4B-00C04F79EFBC}") = "1079_mediasPonderadas", "1079_mediasPonderadas.csproj", "{E4712096-35EF-450B-8D9E-0CF8894AEF0B}"
EndProject
Global
	GlobalSection(SolutionConfigurationPlatforms) = preSolution
		Debug|Any CPU = Debug|Any CPU
		Release|Any CPU = Release|Any CPU
	EndGlobalSection
	GlobalSection(ProjectConfigurationPlatforms) = postSolution
		{E4712096-35EF-450B-8D9E-0CF8894AEF0B}.Debug|Any CPU.ActiveCfg = Debug|Any CPU
		{E4712096-35EF-450B-8D9E-0CF8894AEF0B}.Debug|Any CPU.Build.0 = Debug|Any CPU
		{E4712096-35EF-450B-8D9E-0CF8894AEF0B}.Release|Any CPU.ActiveCfg = Release|Any CPU
		{E4712096-35EF-450B-8D9E-0CF8894AEF0B}.Release|Any CPU.Build.0 = Release|Any CPU
	EndGlobalSection
	GlobalSection(SolutionProperties) = preSolution
		HideSolutionNode = FALSE
	EndGlobalSection
	GlobalSection(ExtensibilityGlobals) = postSolution
		SolutionGuid = {E7E75B6F-DB5C-47E0-9D95-441AD2D88AEC}
	EndGlobalSection
EndGlobal
