
Microsoft Visual Studio Solution File, Format Version 12.00
# Visual Studio Version 17
VisualStudioVersion = 17.4.33110.190
MinimumVisualStudioVersion = 10.0.40219.1
Project("{FAE04EC0-301F-11D3-BF4B-00C04F79EFBC}") = "areaCirculo_1002", "areaCirculo_1002\areaCirculo_1002.csproj", "{C16AD67E-2F28-495C-824A-3568CE4B6B6C}"
EndProject
Global
	GlobalSection(SolutionConfigurationPlatforms) = preSolution
		Debug|Any CPU = Debug|Any CPU
		Release|Any CPU = Release|Any CPU
	EndGlobalSection
	GlobalSection(ProjectConfigurationPlatforms) = postSolution
		{C16AD67E-2F28-495C-824A-3568CE4B6B6C}.Debug|Any CPU.ActiveCfg = Debug|Any CPU
		{C16AD67E-2F28-495C-824A-3568CE4B6B6C}.Debug|Any CPU.Build.0 = Debug|Any CPU
		{C16AD67E-2F28-495C-824A-3568CE4B6B6C}.Release|Any CPU.ActiveCfg = Release|Any CPU
		{C16AD67E-2F28-495C-824A-3568CE4B6B6C}.Release|Any CPU.Build.0 = Release|Any CPU
	EndGlobalSection
	GlobalSection(SolutionProperties) = preSolution
		HideSolutionNode = FALSE
	EndGlobalSection
	GlobalSection(ExtensibilityGlobals) = postSolution
		SolutionGuid = {5EB7ABE8-83F5-427B-8675-494368AE6DA3}
	EndGlobalSection
EndGlobal
