
Microsoft Visual Studio Solution File, Format Version 12.00
# Visual Studio Version 17
VisualStudioVersion = 17.4.33103.184
MinimumVisualStudioVersion = 10.0.40219.1
Project("{FAE04EC0-301F-11D3-BF4B-00C04F79EFBC}") = "1018_Cedulas", "1018_Cedulas.csproj", "{8F3745B2-6782-4D3B-A571-F4A66A5A063C}"
EndProject
Global
	GlobalSection(SolutionConfigurationPlatforms) = preSolution
		Debug|Any CPU = Debug|Any CPU
		Release|Any CPU = Release|Any CPU
	EndGlobalSection
	GlobalSection(ProjectConfigurationPlatforms) = postSolution
		{8F3745B2-6782-4D3B-A571-F4A66A5A063C}.Debug|Any CPU.ActiveCfg = Debug|Any CPU
		{8F3745B2-6782-4D3B-A571-F4A66A5A063C}.Debug|Any CPU.Build.0 = Debug|Any CPU
		{8F3745B2-6782-4D3B-A571-F4A66A5A063C}.Release|Any CPU.ActiveCfg = Release|Any CPU
		{8F3745B2-6782-4D3B-A571-F4A66A5A063C}.Release|Any CPU.Build.0 = Release|Any CPU
	EndGlobalSection
	GlobalSection(SolutionProperties) = preSolution
		HideSolutionNode = FALSE
	EndGlobalSection
	GlobalSection(ExtensibilityGlobals) = postSolution
		SolutionGuid = {147F4ECD-D2F0-4726-B542-A11D10EB1E65}
	EndGlobalSection
EndGlobal
