
Microsoft Visual Studio Solution File, Format Version 12.00
# Visual Studio Version 17
VisualStudioVersion = 17.4.33103.184
MinimumVisualStudioVersion = 10.0.40219.1
Project("{FAE04EC0-301F-11D3-BF4B-00C04F79EFBC}") = "1048_aumentoDeSalarios", "1048_aumentoDeSalarios.csproj", "{AB017F97-77B6-42D2-84D7-9EB2DECF30DD}"
EndProject
Global
	GlobalSection(SolutionConfigurationPlatforms) = preSolution
		Debug|Any CPU = Debug|Any CPU
		Release|Any CPU = Release|Any CPU
	EndGlobalSection
	GlobalSection(ProjectConfigurationPlatforms) = postSolution
		{AB017F97-77B6-42D2-84D7-9EB2DECF30DD}.Debug|Any CPU.ActiveCfg = Debug|Any CPU
		{AB017F97-77B6-42D2-84D7-9EB2DECF30DD}.Debug|Any CPU.Build.0 = Debug|Any CPU
		{AB017F97-77B6-42D2-84D7-9EB2DECF30DD}.Release|Any CPU.ActiveCfg = Release|Any CPU
		{AB017F97-77B6-42D2-84D7-9EB2DECF30DD}.Release|Any CPU.Build.0 = Release|Any CPU
	EndGlobalSection
	GlobalSection(SolutionProperties) = preSolution
		HideSolutionNode = FALSE
	EndGlobalSection
	GlobalSection(ExtensibilityGlobals) = postSolution
		SolutionGuid = {6C09B5FE-BB93-400F-B561-C1296DDA5753}
	EndGlobalSection
EndGlobal
