
Microsoft Visual Studio Solution File, Format Version 12.00
# Visual Studio Version 17
VisualStudioVersion = 17.4.33110.190
MinimumVisualStudioVersion = 10.0.40219.1
Project("{FAE04EC0-301F-11D3-BF4B-00C04F79EFBC}") = "1101_SequenciaDeNumeroeSoma", "1101_SequenciaDeNumeroeSoma.csproj", "{3FFCF3AF-199D-4791-937F-157EF78003DC}"
EndProject
Global
	GlobalSection(SolutionConfigurationPlatforms) = preSolution
		Debug|Any CPU = Debug|Any CPU
		Release|Any CPU = Release|Any CPU
	EndGlobalSection
	GlobalSection(ProjectConfigurationPlatforms) = postSolution
		{3FFCF3AF-199D-4791-937F-157EF78003DC}.Debug|Any CPU.ActiveCfg = Debug|Any CPU
		{3FFCF3AF-199D-4791-937F-157EF78003DC}.Debug|Any CPU.Build.0 = Debug|Any CPU
		{3FFCF3AF-199D-4791-937F-157EF78003DC}.Release|Any CPU.ActiveCfg = Release|Any CPU
		{3FFCF3AF-199D-4791-937F-157EF78003DC}.Release|Any CPU.Build.0 = Release|Any CPU
	EndGlobalSection
	GlobalSection(SolutionProperties) = preSolution
		HideSolutionNode = FALSE
	EndGlobalSection
	GlobalSection(ExtensibilityGlobals) = postSolution
		SolutionGuid = {5D9E1015-CD35-4175-8B58-4BBA52EA244B}
	EndGlobalSection
EndGlobal
