
Microsoft Visual Studio Solution File, Format Version 12.00
# Visual Studio Version 17
VisualStudioVersion = 17.4.33103.184
MinimumVisualStudioVersion = 10.0.40219.1
Project("{FAE04EC0-301F-11D3-BF4B-00C04F79EFBC}") = "1021_Cedulas_Moedas", "1021_Cedulas_Moedas.csproj", "{F9AB2D42-976C-484E-86CF-93F80A24215C}"
EndProject
Global
	GlobalSection(SolutionConfigurationPlatforms) = preSolution
		Debug|Any CPU = Debug|Any CPU
		Release|Any CPU = Release|Any CPU
	EndGlobalSection
	GlobalSection(ProjectConfigurationPlatforms) = postSolution
		{F9AB2D42-976C-484E-86CF-93F80A24215C}.Debug|Any CPU.ActiveCfg = Debug|Any CPU
		{F9AB2D42-976C-484E-86CF-93F80A24215C}.Debug|Any CPU.Build.0 = Debug|Any CPU
		{F9AB2D42-976C-484E-86CF-93F80A24215C}.Release|Any CPU.ActiveCfg = Release|Any CPU
		{F9AB2D42-976C-484E-86CF-93F80A24215C}.Release|Any CPU.Build.0 = Release|Any CPU
	EndGlobalSection
	GlobalSection(SolutionProperties) = preSolution
		HideSolutionNode = FALSE
	EndGlobalSection
	GlobalSection(ExtensibilityGlobals) = postSolution
		SolutionGuid = {AD477077-84AA-43CF-8724-CD1C40CC27F5}
	EndGlobalSection
EndGlobal
