
Microsoft Visual Studio Solution File, Format Version 12.00
# Visual Studio Version 17
VisualStudioVersion = 17.4.33103.184
MinimumVisualStudioVersion = 10.0.40219.1
Project("{FAE04EC0-301F-11D3-BF4B-00C04F79EFBC}") = "1067_NumerosImpares", "1067_NumerosImpares.csproj", "{CA94FC5A-15B4-470F-9BE0-051243EBDBC4}"
EndProject
Global
	GlobalSection(SolutionConfigurationPlatforms) = preSolution
		Debug|Any CPU = Debug|Any CPU
		Release|Any CPU = Release|Any CPU
	EndGlobalSection
	GlobalSection(ProjectConfigurationPlatforms) = postSolution
		{CA94FC5A-15B4-470F-9BE0-051243EBDBC4}.Debug|Any CPU.ActiveCfg = Debug|Any CPU
		{CA94FC5A-15B4-470F-9BE0-051243EBDBC4}.Debug|Any CPU.Build.0 = Debug|Any CPU
		{CA94FC5A-15B4-470F-9BE0-051243EBDBC4}.Release|Any CPU.ActiveCfg = Release|Any CPU
		{CA94FC5A-15B4-470F-9BE0-051243EBDBC4}.Release|Any CPU.Build.0 = Release|Any CPU
	EndGlobalSection
	GlobalSection(SolutionProperties) = preSolution
		HideSolutionNode = FALSE
	EndGlobalSection
	GlobalSection(ExtensibilityGlobals) = postSolution
		SolutionGuid = {03F76957-788C-4449-ADE4-BF0125698A05}
	EndGlobalSection
EndGlobal
