
Microsoft Visual Studio Solution File, Format Version 12.00
# Visual Studio Version 17
VisualStudioVersion = 17.4.33122.133
MinimumVisualStudioVersion = 10.0.40219.1
Project("{FAE04EC0-301F-11D3-BF4B-00C04F79EFBC}") = "1143_QuadradoEaoCubo", "1143_QuadradoEaoCubo.csproj", "{A820FFF8-B299-4130-B48F-4495C86EF20C}"
EndProject
Global
	GlobalSection(SolutionConfigurationPlatforms) = preSolution
		Debug|Any CPU = Debug|Any CPU
		Release|Any CPU = Release|Any CPU
	EndGlobalSection
	GlobalSection(ProjectConfigurationPlatforms) = postSolution
		{A820FFF8-B299-4130-B48F-4495C86EF20C}.Debug|Any CPU.ActiveCfg = Debug|Any CPU
		{A820FFF8-B299-4130-B48F-4495C86EF20C}.Debug|Any CPU.Build.0 = Debug|Any CPU
		{A820FFF8-B299-4130-B48F-4495C86EF20C}.Release|Any CPU.ActiveCfg = Release|Any CPU
		{A820FFF8-B299-4130-B48F-4495C86EF20C}.Release|Any CPU.Build.0 = Release|Any CPU
	EndGlobalSection
	GlobalSection(SolutionProperties) = preSolution
		HideSolutionNode = FALSE
	EndGlobalSection
	GlobalSection(ExtensibilityGlobals) = postSolution
		SolutionGuid = {BBE46F87-AC28-43F5-AF72-EE979836506E}
	EndGlobalSection
EndGlobal
