
Microsoft Visual Studio Solution File, Format Version 12.00
# Visual Studio Version 17
VisualStudioVersion = 17.4.33122.133
MinimumVisualStudioVersion = 10.0.40219.1
Project("{FAE04EC0-301F-11D3-BF4B-00C04F79EFBC}") = "1115_Quadrante", "1115_Quadrante.csproj", "{E4966AE2-334D-479A-AF07-58AE84B0DCD8}"
EndProject
Global
	GlobalSection(SolutionConfigurationPlatforms) = preSolution
		Debug|Any CPU = Debug|Any CPU
		Release|Any CPU = Release|Any CPU
	EndGlobalSection
	GlobalSection(ProjectConfigurationPlatforms) = postSolution
		{E4966AE2-334D-479A-AF07-58AE84B0DCD8}.Debug|Any CPU.ActiveCfg = Debug|Any CPU
		{E4966AE2-334D-479A-AF07-58AE84B0DCD8}.Debug|Any CPU.Build.0 = Debug|Any CPU
		{E4966AE2-334D-479A-AF07-58AE84B0DCD8}.Release|Any CPU.ActiveCfg = Release|Any CPU
		{E4966AE2-334D-479A-AF07-58AE84B0DCD8}.Release|Any CPU.Build.0 = Release|Any CPU
	EndGlobalSection
	GlobalSection(SolutionProperties) = preSolution
		HideSolutionNode = FALSE
	EndGlobalSection
	GlobalSection(ExtensibilityGlobals) = postSolution
		SolutionGuid = {17806C3F-9041-4929-8067-BC70EC63844A}
	EndGlobalSection
EndGlobal
