
Microsoft Visual Studio Solution File, Format Version 12.00
# Visual Studio Version 17
VisualStudioVersion = 17.4.33110.190
MinimumVisualStudioVersion = 10.0.40219.1
Project("{FAE04EC0-301F-11D3-BF4B-00C04F79EFBC}") = "1040_Media3", "1040_Media3.csproj", "{86A33086-C408-4F30-9885-38B92D61BA2E}"
EndProject
Global
	GlobalSection(SolutionConfigurationPlatforms) = preSolution
		Debug|Any CPU = Debug|Any CPU
		Release|Any CPU = Release|Any CPU
	EndGlobalSection
	GlobalSection(ProjectConfigurationPlatforms) = postSolution
		{86A33086-C408-4F30-9885-38B92D61BA2E}.Debug|Any CPU.ActiveCfg = Debug|Any CPU
		{86A33086-C408-4F30-9885-38B92D61BA2E}.Debug|Any CPU.Build.0 = Debug|Any CPU
		{86A33086-C408-4F30-9885-38B92D61BA2E}.Release|Any CPU.ActiveCfg = Release|Any CPU
		{86A33086-C408-4F30-9885-38B92D61BA2E}.Release|Any CPU.Build.0 = Release|Any CPU
	EndGlobalSection
	GlobalSection(SolutionProperties) = preSolution
		HideSolutionNode = FALSE
	EndGlobalSection
	GlobalSection(ExtensibilityGlobals) = postSolution
		SolutionGuid = {33D03277-4FB3-491A-9B75-CFBDC63C682A}
	EndGlobalSection
EndGlobal
