
Microsoft Visual Studio Solution File, Format Version 12.00
# Visual Studio Version 17
VisualStudioVersion = 17.4.33103.184
MinimumVisualStudioVersion = 10.0.40219.1
Project("{FAE04EC0-301F-11D3-BF4B-00C04F79EFBC}") = "1046_tempoDeJogo", "1046_tempoDeJogo.csproj", "{A8D8D381-E7E0-4458-A450-D9F77BC3476A}"
EndProject
Global
	GlobalSection(SolutionConfigurationPlatforms) = preSolution
		Debug|Any CPU = Debug|Any CPU
		Release|Any CPU = Release|Any CPU
	EndGlobalSection
	GlobalSection(ProjectConfigurationPlatforms) = postSolution
		{A8D8D381-E7E0-4458-A450-D9F77BC3476A}.Debug|Any CPU.ActiveCfg = Debug|Any CPU
		{A8D8D381-E7E0-4458-A450-D9F77BC3476A}.Debug|Any CPU.Build.0 = Debug|Any CPU
		{A8D8D381-E7E0-4458-A450-D9F77BC3476A}.Release|Any CPU.ActiveCfg = Release|Any CPU
		{A8D8D381-E7E0-4458-A450-D9F77BC3476A}.Release|Any CPU.Build.0 = Release|Any CPU
	EndGlobalSection
	GlobalSection(SolutionProperties) = preSolution
		HideSolutionNode = FALSE
	EndGlobalSection
	GlobalSection(ExtensibilityGlobals) = postSolution
		SolutionGuid = {CD0B8FBC-2610-450B-B945-2D5BD84D17A6}
	EndGlobalSection
EndGlobal
