
Microsoft Visual Studio Solution File, Format Version 12.00
# Visual Studio Version 17
VisualStudioVersion = 17.4.33110.190
MinimumVisualStudioVersion = 10.0.40219.1
Project("{FAE04EC0-301F-11D3-BF4B-00C04F79EFBC}") = "1046_TempoDoJogo", "1046_TempoDoJogo.csproj", "{B759E60F-8440-4797-874C-7087697B9B6D}"
EndProject
Global
	GlobalSection(SolutionConfigurationPlatforms) = preSolution
		Debug|Any CPU = Debug|Any CPU
		Release|Any CPU = Release|Any CPU
	EndGlobalSection
	GlobalSection(ProjectConfigurationPlatforms) = postSolution
		{B759E60F-8440-4797-874C-7087697B9B6D}.Debug|Any CPU.ActiveCfg = Debug|Any CPU
		{B759E60F-8440-4797-874C-7087697B9B6D}.Debug|Any CPU.Build.0 = Debug|Any CPU
		{B759E60F-8440-4797-874C-7087697B9B6D}.Release|Any CPU.ActiveCfg = Release|Any CPU
		{B759E60F-8440-4797-874C-7087697B9B6D}.Release|Any CPU.Build.0 = Release|Any CPU
	EndGlobalSection
	GlobalSection(SolutionProperties) = preSolution
		HideSolutionNode = FALSE
	EndGlobalSection
	GlobalSection(ExtensibilityGlobals) = postSolution
		SolutionGuid = {D050CB63-CF70-4EFF-AE0B-CFC8449B431D}
	EndGlobalSection
EndGlobal
