
Microsoft Visual Studio Solution File, Format Version 12.00
# Visual Studio Version 17
VisualStudioVersion = 17.4.33110.190
MinimumVisualStudioVersion = 10.0.40219.1
Project("{FAE04EC0-301F-11D3-BF4B-00C04F79EFBC}") = "1047_jogoDoTempo2_horaEminuto", "1047_jogoDoTempo2_horaEminuto.csproj", "{2F0543F0-967F-42E9-B287-CBB63FED517B}"
EndProject
Global
	GlobalSection(SolutionConfigurationPlatforms) = preSolution
		Debug|Any CPU = Debug|Any CPU
		Release|Any CPU = Release|Any CPU
	EndGlobalSection
	GlobalSection(ProjectConfigurationPlatforms) = postSolution
		{2F0543F0-967F-42E9-B287-CBB63FED517B}.Debug|Any CPU.ActiveCfg = Debug|Any CPU
		{2F0543F0-967F-42E9-B287-CBB63FED517B}.Debug|Any CPU.Build.0 = Debug|Any CPU
		{2F0543F0-967F-42E9-B287-CBB63FED517B}.Release|Any CPU.ActiveCfg = Release|Any CPU
		{2F0543F0-967F-42E9-B287-CBB63FED517B}.Release|Any CPU.Build.0 = Release|Any CPU
	EndGlobalSection
	GlobalSection(SolutionProperties) = preSolution
		HideSolutionNode = FALSE
	EndGlobalSection
	GlobalSection(ExtensibilityGlobals) = postSolution
		SolutionGuid = {ACFA9D97-3479-4443-B06C-8AF620C0AC26}
	EndGlobalSection
EndGlobal
