
Microsoft Visual Studio Solution File, Format Version 12.00
# Visual Studio Version 17
VisualStudioVersion = 17.4.33103.184
MinimumVisualStudioVersion = 10.0.40219.1
Project("{FAE04EC0-301F-11D3-BF4B-00C04F79EFBC}") = "1061_TempodeEvento", "1061_TempodeEvento.csproj", "{A56B477E-C2B1-437A-B7BF-C8E5E7EC7441}"
EndProject
Global
	GlobalSection(SolutionConfigurationPlatforms) = preSolution
		Debug|Any CPU = Debug|Any CPU
		Release|Any CPU = Release|Any CPU
	EndGlobalSection
	GlobalSection(ProjectConfigurationPlatforms) = postSolution
		{A56B477E-C2B1-437A-B7BF-C8E5E7EC7441}.Debug|Any CPU.ActiveCfg = Debug|Any CPU
		{A56B477E-C2B1-437A-B7BF-C8E5E7EC7441}.Debug|Any CPU.Build.0 = Debug|Any CPU
		{A56B477E-C2B1-437A-B7BF-C8E5E7EC7441}.Release|Any CPU.ActiveCfg = Release|Any CPU
		{A56B477E-C2B1-437A-B7BF-C8E5E7EC7441}.Release|Any CPU.Build.0 = Release|Any CPU
	EndGlobalSection
	GlobalSection(SolutionProperties) = preSolution
		HideSolutionNode = FALSE
	EndGlobalSection
	GlobalSection(ExtensibilityGlobals) = postSolution
		SolutionGuid = {FE88F7C7-5393-4058-ADE3-B3D6F94D339A}
	EndGlobalSection
EndGlobal
