
Microsoft Visual Studio Solution File, Format Version 12.00
# Visual Studio Version 17
VisualStudioVersion = 17.4.33103.184
MinimumVisualStudioVersion = 10.0.40219.1
Project("{FAE04EC0-301F-11D3-BF4B-00C04F79EFBC}") = "1015_DistanciaEntreDoisPontos", "1015_DistanciaEntreDoisPontos.csproj", "{57F6AF78-4848-41D6-9560-C2EF91357C5C}"
EndProject
Global
	GlobalSection(SolutionConfigurationPlatforms) = preSolution
		Debug|Any CPU = Debug|Any CPU
		Release|Any CPU = Release|Any CPU
	EndGlobalSection
	GlobalSection(ProjectConfigurationPlatforms) = postSolution
		{57F6AF78-4848-41D6-9560-C2EF91357C5C}.Debug|Any CPU.ActiveCfg = Debug|Any CPU
		{57F6AF78-4848-41D6-9560-C2EF91357C5C}.Debug|Any CPU.Build.0 = Debug|Any CPU
		{57F6AF78-4848-41D6-9560-C2EF91357C5C}.Release|Any CPU.ActiveCfg = Release|Any CPU
		{57F6AF78-4848-41D6-9560-C2EF91357C5C}.Release|Any CPU.Build.0 = Release|Any CPU
	EndGlobalSection
	GlobalSection(SolutionProperties) = preSolution
		HideSolutionNode = FALSE
	EndGlobalSection
	GlobalSection(ExtensibilityGlobals) = postSolution
		SolutionGuid = {414BA62E-C553-4303-9176-6A1D0541CA9B}
	EndGlobalSection
EndGlobal
