
Microsoft Visual Studio Solution File, Format Version 12.00
# Visual Studio Version 17
VisualStudioVersion = 17.4.33103.184
MinimumVisualStudioVersion = 10.0.40219.1
Project("{FAE04EC0-301F-11D3-BF4B-00C04F79EFBC}") = "1095_SequenciaIJ1", "1095_SequenciaIJ1.csproj", "{BBD9E68A-5F9D-4F87-8280-D23F53019A59}"
EndProject
Global
	GlobalSection(SolutionConfigurationPlatforms) = preSolution
		Debug|Any CPU = Debug|Any CPU
		Release|Any CPU = Release|Any CPU
	EndGlobalSection
	GlobalSection(ProjectConfigurationPlatforms) = postSolution
		{BBD9E68A-5F9D-4F87-8280-D23F53019A59}.Debug|Any CPU.ActiveCfg = Debug|Any CPU
		{BBD9E68A-5F9D-4F87-8280-D23F53019A59}.Debug|Any CPU.Build.0 = Debug|Any CPU
		{BBD9E68A-5F9D-4F87-8280-D23F53019A59}.Release|Any CPU.ActiveCfg = Release|Any CPU
		{BBD9E68A-5F9D-4F87-8280-D23F53019A59}.Release|Any CPU.Build.0 = Release|Any CPU
	EndGlobalSection
	GlobalSection(SolutionProperties) = preSolution
		HideSolutionNode = FALSE
	EndGlobalSection
	GlobalSection(ExtensibilityGlobals) = postSolution
		SolutionGuid = {E0068D14-6160-4CDD-B8FE-25B8DF924B02}
	EndGlobalSection
EndGlobal
