
Microsoft Visual Studio Solution File, Format Version 12.00
# Visual Studio Version 17
VisualStudioVersion = 17.4.33103.184
MinimumVisualStudioVersion = 10.0.40219.1
Project("{FAE04EC0-301F-11D3-BF4B-00C04F79EFBC}") = "1049_Animal", "1049_Animal.csproj", "{84EA17D2-87C4-4828-BA4B-39ACE1D99BF1}"
EndProject
Global
	GlobalSection(SolutionConfigurationPlatforms) = preSolution
		Debug|Any CPU = Debug|Any CPU
		Release|Any CPU = Release|Any CPU
	EndGlobalSection
	GlobalSection(ProjectConfigurationPlatforms) = postSolution
		{84EA17D2-87C4-4828-BA4B-39ACE1D99BF1}.Debug|Any CPU.ActiveCfg = Debug|Any CPU
		{84EA17D2-87C4-4828-BA4B-39ACE1D99BF1}.Debug|Any CPU.Build.0 = Debug|Any CPU
		{84EA17D2-87C4-4828-BA4B-39ACE1D99BF1}.Release|Any CPU.ActiveCfg = Release|Any CPU
		{84EA17D2-87C4-4828-BA4B-39ACE1D99BF1}.Release|Any CPU.Build.0 = Release|Any CPU
	EndGlobalSection
	GlobalSection(SolutionProperties) = preSolution
		HideSolutionNode = FALSE
	EndGlobalSection
	GlobalSection(ExtensibilityGlobals) = postSolution
		SolutionGuid = {9F9DB31B-AAA9-4B61-B66E-248CDEEDD7A7}
	EndGlobalSection
EndGlobal
