
Microsoft Visual Studio Solution File, Format Version 12.00
# Visual Studio Version 17
VisualStudioVersion = 17.4.33103.184
MinimumVisualStudioVersion = 10.0.40219.1
Project("{FAE04EC0-301F-11D3-BF4B-00C04F79EFBC}") = "1052_MeseIngles", "1052_MeseIngles.csproj", "{DD4EE754-3CCB-4E02-A8C0-DB585C80C275}"
EndProject
Global
	GlobalSection(SolutionConfigurationPlatforms) = preSolution
		Debug|Any CPU = Debug|Any CPU
		Release|Any CPU = Release|Any CPU
	EndGlobalSection
	GlobalSection(ProjectConfigurationPlatforms) = postSolution
		{DD4EE754-3CCB-4E02-A8C0-DB585C80C275}.Debug|Any CPU.ActiveCfg = Debug|Any CPU
		{DD4EE754-3CCB-4E02-A8C0-DB585C80C275}.Debug|Any CPU.Build.0 = Debug|Any CPU
		{DD4EE754-3CCB-4E02-A8C0-DB585C80C275}.Release|Any CPU.ActiveCfg = Release|Any CPU
		{DD4EE754-3CCB-4E02-A8C0-DB585C80C275}.Release|Any CPU.Build.0 = Release|Any CPU
	EndGlobalSection
	GlobalSection(SolutionProperties) = preSolution
		HideSolutionNode = FALSE
	EndGlobalSection
	GlobalSection(ExtensibilityGlobals) = postSolution
		SolutionGuid = {36104258-9296-46F6-9DCD-1FBC8EFD5D48}
	EndGlobalSection
EndGlobal
