
Microsoft Visual Studio Solution File, Format Version 12.00
# Visual Studio Version 17
VisualStudioVersion = 17.4.33110.190
MinimumVisualStudioVersion = 10.0.40219.1
Project("{FAE04EC0-301F-11D3-BF4B-00C04F79EFBC}") = "1072_Intervalo2", "1072_Intervalo2.csproj", "{A65683D0-0EE0-4F48-972D-917C02128D4F}"
EndProject
Global
	GlobalSection(SolutionConfigurationPlatforms) = preSolution
		Debug|Any CPU = Debug|Any CPU
		Release|Any CPU = Release|Any CPU
	EndGlobalSection
	GlobalSection(ProjectConfigurationPlatforms) = postSolution
		{A65683D0-0EE0-4F48-972D-917C02128D4F}.Debug|Any CPU.ActiveCfg = Debug|Any CPU
		{A65683D0-0EE0-4F48-972D-917C02128D4F}.Debug|Any CPU.Build.0 = Debug|Any CPU
		{A65683D0-0EE0-4F48-972D-917C02128D4F}.Release|Any CPU.ActiveCfg = Release|Any CPU
		{A65683D0-0EE0-4F48-972D-917C02128D4F}.Release|Any CPU.Build.0 = Release|Any CPU
	EndGlobalSection
	GlobalSection(SolutionProperties) = preSolution
		HideSolutionNode = FALSE
	EndGlobalSection
	GlobalSection(ExtensibilityGlobals) = postSolution
		SolutionGuid = {B1D7690D-0C71-4BF9-B4EA-C41C20885B85}
	EndGlobalSection
EndGlobal
