
Microsoft Visual Studio Solution File, Format Version 12.00
# Visual Studio Version 17
VisualStudioVersion = 17.4.33122.133
MinimumVisualStudioVersion = 10.0.40219.1
Project("{FAE04EC0-301F-11D3-BF4B-00C04F79EFBC}") = "1133_RestoDaDivisão", "1133_RestoDaDivisão.csproj", "{35900552-CFA1-4AD5-B9A4-219131BC092A}"
EndProject
Global
	GlobalSection(SolutionConfigurationPlatforms) = preSolution
		Debug|Any CPU = Debug|Any CPU
		Release|Any CPU = Release|Any CPU
	EndGlobalSection
	GlobalSection(ProjectConfigurationPlatforms) = postSolution
		{35900552-CFA1-4AD5-B9A4-219131BC092A}.Debug|Any CPU.ActiveCfg = Debug|Any CPU
		{35900552-CFA1-4AD5-B9A4-219131BC092A}.Debug|Any CPU.Build.0 = Debug|Any CPU
		{35900552-CFA1-4AD5-B9A4-219131BC092A}.Release|Any CPU.ActiveCfg = Release|Any CPU
		{35900552-CFA1-4AD5-B9A4-219131BC092A}.Release|Any CPU.Build.0 = Release|Any CPU
	EndGlobalSection
	GlobalSection(SolutionProperties) = preSolution
		HideSolutionNode = FALSE
	EndGlobalSection
	GlobalSection(ExtensibilityGlobals) = postSolution
		SolutionGuid = {151F5C30-FE0C-4CA3-9D2E-3D6DB1BB3788}
	EndGlobalSection
EndGlobal
