
Microsoft Visual Studio Solution File, Format Version 12.00
# Visual Studio Version 17
VisualStudioVersion = 17.4.33122.133
MinimumVisualStudioVersion = 10.0.40219.1
Project("{FAE04EC0-301F-11D3-BF4B-00C04F79EFBC}") = "1096_Sequencia IJ 2", "1096_Sequencia IJ 2.csproj", "{3C30C4C8-F5D0-48F9-BBD1-6B96B16AB635}"
EndProject
Global
	GlobalSection(SolutionConfigurationPlatforms) = preSolution
		Debug|Any CPU = Debug|Any CPU
		Release|Any CPU = Release|Any CPU
	EndGlobalSection
	GlobalSection(ProjectConfigurationPlatforms) = postSolution
		{3C30C4C8-F5D0-48F9-BBD1-6B96B16AB635}.Debug|Any CPU.ActiveCfg = Debug|Any CPU
		{3C30C4C8-F5D0-48F9-BBD1-6B96B16AB635}.Debug|Any CPU.Build.0 = Debug|Any CPU
		{3C30C4C8-F5D0-48F9-BBD1-6B96B16AB635}.Release|Any CPU.ActiveCfg = Release|Any CPU
		{3C30C4C8-F5D0-48F9-BBD1-6B96B16AB635}.Release|Any CPU.Build.0 = Release|Any CPU
	EndGlobalSection
	GlobalSection(SolutionProperties) = preSolution
		HideSolutionNode = FALSE
	EndGlobalSection
	GlobalSection(ExtensibilityGlobals) = postSolution
		SolutionGuid = {BB0D8E95-A027-4150-8175-12D8203A34EB}
	EndGlobalSection
EndGlobal
