
Microsoft Visual Studio Solution File, Format Version 12.00
# Visual Studio Version 17
VisualStudioVersion = 17.4.33110.190
MinimumVisualStudioVersion = 10.0.40219.1
Project("{FAE04EC0-301F-11D3-BF4B-00C04F79EFBC}") = "media2_1006", "media2_1006\media2_1006.csproj", "{BB65FD1F-5516-478D-A9DA-18DDF5667E7E}"
EndProject
Global
	GlobalSection(SolutionConfigurationPlatforms) = preSolution
		Debug|Any CPU = Debug|Any CPU
		Release|Any CPU = Release|Any CPU
	EndGlobalSection
	GlobalSection(ProjectConfigurationPlatforms) = postSolution
		{BB65FD1F-5516-478D-A9DA-18DDF5667E7E}.Debug|Any CPU.ActiveCfg = Debug|Any CPU
		{BB65FD1F-5516-478D-A9DA-18DDF5667E7E}.Debug|Any CPU.Build.0 = Debug|Any CPU
		{BB65FD1F-5516-478D-A9DA-18DDF5667E7E}.Release|Any CPU.ActiveCfg = Release|Any CPU
		{BB65FD1F-5516-478D-A9DA-18DDF5667E7E}.Release|Any CPU.Build.0 = Release|Any CPU
	EndGlobalSection
	GlobalSection(SolutionProperties) = preSolution
		HideSolutionNode = FALSE
	EndGlobalSection
	GlobalSection(ExtensibilityGlobals) = postSolution
		SolutionGuid = {A952FE92-C508-4F8D-AEE4-47AD10BC53DF}
	EndGlobalSection
EndGlobal
